
Microsoft Visual Studio Solution File, Format Version 12.00
# Visual Studio Version 17
VisualStudioVersion = 17.7.34031.279
MinimumVisualStudioVersion = 10.0.40219.1
Project("{8BC9CEB8-8B4A-11D0-8D11-00A0C91BC942}") = "P017 Matrices", "P017 Matrices.vcxproj", "{9DFE8D35-EFD0-4B6E-97CE-1987CF47A752}"
EndProject
Global
	GlobalSection(SolutionConfigurationPlatforms) = preSolution
		Debug|x64 = Debug|x64
		Debug|x86 = Debug|x86
		Release|x64 = Release|x64
		Release|x86 = Release|x86
	EndGlobalSection
	GlobalSection(ProjectConfigurationPlatforms) = postSolution
		{9DFE8D35-EFD0-4B6E-97CE-1987CF47A752}.Debug|x64.ActiveCfg = Debug|x64
		{9DFE8D35-EFD0-4B6E-97CE-1987CF47A752}.Debug|x64.Build.0 = Debug|x64
		{9DFE8D35-EFD0-4B6E-97CE-1987CF47A752}.Debug|x86.ActiveCfg = Debug|Win32
		{9DFE8D35-EFD0-4B6E-97CE-1987CF47A752}.Debug|x86.Build.0 = Debug|Win32
		{9DFE8D35-EFD0-4B6E-97CE-1987CF47A752}.Release|x64.ActiveCfg = Release|x64
		{9DFE8D35-EFD0-4B6E-97CE-1987CF47A752}.Release|x64.Build.0 = Release|x64
		{9DFE8D35-EFD0-4B6E-97CE-1987CF47A752}.Release|x86.ActiveCfg = Release|Win32
		{9DFE8D35-EFD0-4B6E-97CE-1987CF47A752}.Release|x86.Build.0 = Release|Win32
	EndGlobalSection
	GlobalSection(SolutionProperties) = preSolution
		HideSolutionNode = FALSE
	EndGlobalSection
	GlobalSection(ExtensibilityGlobals) = postSolution
		SolutionGuid = {B6F063A0-D801-4559-9104-CFFB82719062}
	EndGlobalSection
EndGlobal
