
Microsoft Visual Studio Solution File, Format Version 12.00
# Visual Studio Version 17
VisualStudioVersion = 17.7.34031.279
MinimumVisualStudioVersion = 10.0.40219.1
Project("{8BC9CEB8-8B4A-11D0-8D11-00A0C91BC942}") = "P006_EControl", "P006_EControl.vcxproj", "{20BBECE7-4AF2-4B88-A66E-7BC20635E6EB}"
EndProject
Global
	GlobalSection(SolutionConfigurationPlatforms) = preSolution
		Debug|x64 = Debug|x64
		Debug|x86 = Debug|x86
		Release|x64 = Release|x64
		Release|x86 = Release|x86
	EndGlobalSection
	GlobalSection(ProjectConfigurationPlatforms) = postSolution
		{20BBECE7-4AF2-4B88-A66E-7BC20635E6EB}.Debug|x64.ActiveCfg = Debug|x64
		{20BBECE7-4AF2-4B88-A66E-7BC20635E6EB}.Debug|x64.Build.0 = Debug|x64
		{20BBECE7-4AF2-4B88-A66E-7BC20635E6EB}.Debug|x86.ActiveCfg = Debug|Win32
		{20BBECE7-4AF2-4B88-A66E-7BC20635E6EB}.Debug|x86.Build.0 = Debug|Win32
		{20BBECE7-4AF2-4B88-A66E-7BC20635E6EB}.Release|x64.ActiveCfg = Release|x64
		{20BBECE7-4AF2-4B88-A66E-7BC20635E6EB}.Release|x64.Build.0 = Release|x64
		{20BBECE7-4AF2-4B88-A66E-7BC20635E6EB}.Release|x86.ActiveCfg = Release|Win32
		{20BBECE7-4AF2-4B88-A66E-7BC20635E6EB}.Release|x86.Build.0 = Release|Win32
	EndGlobalSection
	GlobalSection(SolutionProperties) = preSolution
		HideSolutionNode = FALSE
	EndGlobalSection
	GlobalSection(ExtensibilityGlobals) = postSolution
		SolutionGuid = {05552C9D-BC64-47E1-A361-7DED4048C36A}
	EndGlobalSection
EndGlobal
