
Microsoft Visual Studio Solution File, Format Version 12.00
# Visual Studio Version 17
VisualStudioVersion = 17.7.34031.279
MinimumVisualStudioVersion = 10.0.40219.1
Project("{8BC9CEB8-8B4A-11D0-8D11-00A0C91BC942}") = "MathLibrary", "MathLibrary\MathLibrary.vcxproj", "{BE0AF470-C712-428A-BA5A-8B838D5CF05D}"
EndProject
Project("{8BC9CEB8-8B4A-11D0-8D11-00A0C91BC942}") = "MathClient", "MathClient\MathClient.vcxproj", "{6D3571DA-FA00-4132-BE59-C3F8F3FD3708}"
EndProject
Global
	GlobalSection(SolutionConfigurationPlatforms) = preSolution
		Debug|x64 = Debug|x64
		Debug|x86 = Debug|x86
		Release|x64 = Release|x64
		Release|x86 = Release|x86
	EndGlobalSection
	GlobalSection(ProjectConfigurationPlatforms) = postSolution
		{BE0AF470-C712-428A-BA5A-8B838D5CF05D}.Debug|x64.ActiveCfg = Debug|x64
		{BE0AF470-C712-428A-BA5A-8B838D5CF05D}.Debug|x64.Build.0 = Debug|x64
		{BE0AF470-C712-428A-BA5A-8B838D5CF05D}.Debug|x86.ActiveCfg = Debug|Win32
		{BE0AF470-C712-428A-BA5A-8B838D5CF05D}.Debug|x86.Build.0 = Debug|Win32
		{BE0AF470-C712-428A-BA5A-8B838D5CF05D}.Release|x64.ActiveCfg = Release|x64
		{BE0AF470-C712-428A-BA5A-8B838D5CF05D}.Release|x64.Build.0 = Release|x64
		{BE0AF470-C712-428A-BA5A-8B838D5CF05D}.Release|x86.ActiveCfg = Release|Win32
		{BE0AF470-C712-428A-BA5A-8B838D5CF05D}.Release|x86.Build.0 = Release|Win32
		{6D3571DA-FA00-4132-BE59-C3F8F3FD3708}.Debug|x64.ActiveCfg = Debug|x64
		{6D3571DA-FA00-4132-BE59-C3F8F3FD3708}.Debug|x64.Build.0 = Debug|x64
		{6D3571DA-FA00-4132-BE59-C3F8F3FD3708}.Debug|x86.ActiveCfg = Debug|Win32
		{6D3571DA-FA00-4132-BE59-C3F8F3FD3708}.Debug|x86.Build.0 = Debug|Win32
		{6D3571DA-FA00-4132-BE59-C3F8F3FD3708}.Release|x64.ActiveCfg = Release|x64
		{6D3571DA-FA00-4132-BE59-C3F8F3FD3708}.Release|x64.Build.0 = Release|x64
		{6D3571DA-FA00-4132-BE59-C3F8F3FD3708}.Release|x86.ActiveCfg = Release|Win32
		{6D3571DA-FA00-4132-BE59-C3F8F3FD3708}.Release|x86.Build.0 = Release|Win32
	EndGlobalSection
	GlobalSection(SolutionProperties) = preSolution
		HideSolutionNode = FALSE
	EndGlobalSection
	GlobalSection(ExtensibilityGlobals) = postSolution
		SolutionGuid = {303B0CB6-73C2-4913-92AB-EDE0ADE64D3B}
	EndGlobalSection
EndGlobal
