
Microsoft Visual Studio Solution File, Format Version 12.00
# Visual Studio Version 17
VisualStudioVersion = 17.7.34031.279
MinimumVisualStudioVersion = 10.0.40219.1
Project("{8BC9CEB8-8B4A-11D0-8D11-00A0C91BC942}") = "P016 Captura de Juegos_V2", "P016 Captura de Juegos_V2.vcxproj", "{E3D5AA91-9976-4A0E-A8D2-0FD0EBC19995}"
EndProject
Global
	GlobalSection(SolutionConfigurationPlatforms) = preSolution
		Debug|x64 = Debug|x64
		Debug|x86 = Debug|x86
		Release|x64 = Release|x64
		Release|x86 = Release|x86
	EndGlobalSection
	GlobalSection(ProjectConfigurationPlatforms) = postSolution
		{E3D5AA91-9976-4A0E-A8D2-0FD0EBC19995}.Debug|x64.ActiveCfg = Debug|x64
		{E3D5AA91-9976-4A0E-A8D2-0FD0EBC19995}.Debug|x64.Build.0 = Debug|x64
		{E3D5AA91-9976-4A0E-A8D2-0FD0EBC19995}.Debug|x86.ActiveCfg = Debug|Win32
		{E3D5AA91-9976-4A0E-A8D2-0FD0EBC19995}.Debug|x86.Build.0 = Debug|Win32
		{E3D5AA91-9976-4A0E-A8D2-0FD0EBC19995}.Release|x64.ActiveCfg = Release|x64
		{E3D5AA91-9976-4A0E-A8D2-0FD0EBC19995}.Release|x64.Build.0 = Release|x64
		{E3D5AA91-9976-4A0E-A8D2-0FD0EBC19995}.Release|x86.ActiveCfg = Release|Win32
		{E3D5AA91-9976-4A0E-A8D2-0FD0EBC19995}.Release|x86.Build.0 = Release|Win32
	EndGlobalSection
	GlobalSection(SolutionProperties) = preSolution
		HideSolutionNode = FALSE
	EndGlobalSection
	GlobalSection(ExtensibilityGlobals) = postSolution
		SolutionGuid = {249F4011-A59A-48A4-81EA-BEAA42458E01}
	EndGlobalSection
EndGlobal
